// !$*UTF8*$!
{
	archiveVersion = 1;
	classes = {
	};
	objectVersion = 46;
	objects = {

/* Begin PBXBuildFile section */
		3F5732E116A9478E00EC61B4 /* stack_logging.h in Headers */ = {isa = PBXBuildFile; fileRef = 3F5732E016A9478E00EC61B4 /* stack_logging.h */; settings = {ATTRIBUTES = (Private, ); }; };
		3FE91FED16A90B9200D1238A /* bitarray.c in Sources */ = {isa = PBXBuildFile; fileRef = 3FE91FD116A90A8D00D1238A /* bitarray.c */; };
		3FE91FEE16A90B9200D1238A /* bitarray.h in Headers */ = {isa = PBXBuildFile; fileRef = 3FE91FD216A90A8D00D1238A /* bitarray.h */; };
		3FE91FF016A90B9200D1238A /* magazine_malloc.c in Sources */ = {isa = PBXBuildFile; fileRef = 3FE91FD616A90A8D00D1238A /* magazine_malloc.c */; };
		3FE91FF116A90B9200D1238A /* magmallocProvider.d in Sources */ = {isa = PBXBuildFile; fileRef = 3FE91FD716A90A8D00D1238A /* magmallocProvider.d */; };
		3FE91FF216A90B9200D1238A /* malloc.c in Sources */ = {isa = PBXBuildFile; fileRef = 3FE91FD816A90A8D00D1238A /* malloc.c */; };
		3FE91FF316A90B9200D1238A /* malloc_printf.h in Headers */ = {isa = PBXBuildFile; fileRef = 3FE91FD916A90A8D00D1238A /* malloc_printf.h */; };
		3FE91FF416A90B9200D1238A /* nano_malloc.c in Sources */ = {isa = PBXBuildFile; fileRef = 3FE91FDA16A90A8D00D1238A /* nano_malloc.c */; };
		3FE91FF516A90B9200D1238A /* stack_logging.c in Sources */ = {isa = PBXBuildFile; fileRef = 3FE91FDB16A90A8D00D1238A /* stack_logging.c */; };
		3FE91FF616A90B9200D1238A /* stack_logging_disk.c in Sources */ = {isa = PBXBuildFile; fileRef = 3FE91FDC16A90A8D00D1238A /* stack_logging_disk.c */; };
		3FE91FFA16A90BEF00D1238A /* malloc.h in Headers */ = {isa = PBXBuildFile; fileRef = 3FE91FF916A90BEF00D1238A /* malloc.h */; settings = {ATTRIBUTES = (Public, ); }; };
		3FE91FFC16A90E6C00D1238A /* scalable_malloc.h in Headers */ = {isa = PBXBuildFile; fileRef = 3FE91FFB16A90E6C00D1238A /* scalable_malloc.h */; };
		BC0120B525C2BF1300D8B14B /* lock_private.h in Headers */ = {isa = PBXBuildFile; fileRef = BC0120B425C2BF1300D8B14B /* lock_private.h */; };
		BC0120B925C2BFB200D8B14B /* _simple.h in Headers */ = {isa = PBXBuildFile; fileRef = BC0120B825C2BFB200D8B14B /* _simple.h */; };
		BC0120BD25C2C0C100D8B14B /* dyld_priv.h in Headers */ = {isa = PBXBuildFile; fileRef = BC0120BC25C2C0C100D8B14B /* dyld_priv.h */; };
		BC0120C125C2C11800D8B14B /* tsd.h in Headers */ = {isa = PBXBuildFile; fileRef = BC0120C025C2C11800D8B14B /* tsd.h */; };
		BC0120C625C2CB9900D8B14B /* base_private.h in Headers */ = {isa = PBXBuildFile; fileRef = BC0120C525C2CB9900D8B14B /* base_private.h */; };
		BC0120CA25C2CC1700D8B14B /* cpu_capabilities.h in Headers */ = {isa = PBXBuildFile; fileRef = BC0120C925C2CC1700D8B14B /* cpu_capabilities.h */; };
		BC0120CE25C2CCF800D8B14B /* CrashReporterClient.h in Headers */ = {isa = PBXBuildFile; fileRef = BC0120CD25C2CCF800D8B14B /* CrashReporterClient.h */; };
		BC0120D225C2CF9F00D8B14B /* cpu_capabilities.h in Headers */ = {isa = PBXBuildFile; fileRef = BC0120D125C2CF9F00D8B14B /* cpu_capabilities.h */; };
		BC0120D725C2CFC100D8B14B /* cpu_capabilities.h in Headers */ = {isa = PBXBuildFile; fileRef = BC0120D625C2CFC100D8B14B /* cpu_capabilities.h */; };
		BC0120EA25C2D66800D8B14B /* main.c in Sources */ = {isa = PBXBuildFile; fileRef = BC0120E925C2D66800D8B14B /* main.c */; };
/* End PBXBuildFile section */

/* Begin PBXContainerItemProxy section */
		BC0120F025C2D73900D8B14B /* PBXContainerItemProxy */ = {
			isa = PBXContainerItemProxy;
			containerPortal = 3FFC1BE516A908F800027192 /* Project object */;
			proxyType = 1;
			remoteGlobalIDString = 3FE91FE716A90AEC00D1238A;
			remoteInfo = libsystem_malloc;
		};
/* End PBXContainerItemProxy section */

/* Begin PBXCopyFilesBuildPhase section */
		BC0120E525C2D66800D8B14B /* CopyFiles */ = {
			isa = PBXCopyFilesBuildPhase;
			buildActionMask = 2147483647;
			dstPath = /usr/share/man/man1/;
			dstSubfolderSpec = 0;
			files = (
			);
			runOnlyForDeploymentPostprocessing = 1;
		};
/* End PBXCopyFilesBuildPhase section */

/* Begin PBXFileReference section */
		3F5732E016A9478E00EC61B4 /* stack_logging.h */ = {isa = PBXFileReference; fileEncoding = 4; lastKnownFileType = sourcecode.c.h; path = stack_logging.h; sourceTree = "<group>"; };
		3FE91FD116A90A8D00D1238A /* bitarray.c */ = {isa = PBXFileReference; lastKnownFileType = sourcecode.c.c; path = bitarray.c; sourceTree = "<group>"; };
		3FE91FD216A90A8D00D1238A /* bitarray.h */ = {isa = PBXFileReference; lastKnownFileType = sourcecode.c.h; path = bitarray.h; sourceTree = "<group>"; };
		3FE91FD616A90A8D00D1238A /* magazine_malloc.c */ = {isa = PBXFileReference; lastKnownFileType = sourcecode.c.c; path = magazine_malloc.c; sourceTree = "<group>"; tabWidth = 4; };
		3FE91FD716A90A8D00D1238A /* magmallocProvider.d */ = {isa = PBXFileReference; lastKnownFileType = sourcecode.dtrace; path = magmallocProvider.d; sourceTree = "<group>"; };
		3FE91FD816A90A8D00D1238A /* malloc.c */ = {isa = PBXFileReference; lastKnownFileType = sourcecode.c.c; path = malloc.c; sourceTree = "<group>"; };
		3FE91FD916A90A8D00D1238A /* malloc_printf.h */ = {isa = PBXFileReference; lastKnownFileType = sourcecode.c.h; path = malloc_printf.h; sourceTree = "<group>"; };
		3FE91FDA16A90A8D00D1238A /* nano_malloc.c */ = {isa = PBXFileReference; lastKnownFileType = sourcecode.c.c; path = nano_malloc.c; sourceTree = "<group>"; tabWidth = 4; };
		3FE91FDB16A90A8D00D1238A /* stack_logging.c */ = {isa = PBXFileReference; lastKnownFileType = sourcecode.c.c; path = stack_logging.c; sourceTree = "<group>"; };
		3FE91FDC16A90A8D00D1238A /* stack_logging_disk.c */ = {isa = PBXFileReference; lastKnownFileType = sourcecode.c.c; path = stack_logging_disk.c; sourceTree = "<group>"; usesTabs = 1; };
		3FE91FE816A90AEC00D1238A /* libsystem_malloc.dylib */ = {isa = PBXFileReference; explicitFileType = "compiled.mach-o.dylib"; includeInIndex = 0; path = libsystem_malloc.dylib; sourceTree = BUILT_PRODUCTS_DIR; };
		3FE91FF916A90BEF00D1238A /* malloc.h */ = {isa = PBXFileReference; fileEncoding = 4; lastKnownFileType = sourcecode.c.h; path = malloc.h; sourceTree = "<group>"; };
		3FE91FFB16A90E6C00D1238A /* scalable_malloc.h */ = {isa = PBXFileReference; fileEncoding = 4; lastKnownFileType = sourcecode.c.h; path = scalable_malloc.h; sourceTree = "<group>"; };
		BC0120B425C2BF1300D8B14B /* lock_private.h */ = {isa = PBXFileReference; lastKnownFileType = sourcecode.c.h; path = lock_private.h; sourceTree = "<group>"; };
		BC0120B825C2BFB200D8B14B /* _simple.h */ = {isa = PBXFileReference; lastKnownFileType = sourcecode.c.h; path = _simple.h; sourceTree = "<group>"; };
		BC0120BC25C2C0C100D8B14B /* dyld_priv.h */ = {isa = PBXFileReference; lastKnownFileType = sourcecode.c.h; path = dyld_priv.h; sourceTree = "<group>"; };
		BC0120C025C2C11800D8B14B /* tsd.h */ = {isa = PBXFileReference; lastKnownFileType = sourcecode.c.h; path = tsd.h; sourceTree = "<group>"; };
		BC0120C525C2CB9900D8B14B /* base_private.h */ = {isa = PBXFileReference; lastKnownFileType = sourcecode.c.h; path = base_private.h; sourceTree = "<group>"; };
		BC0120C925C2CC1700D8B14B /* cpu_capabilities.h */ = {isa = PBXFileReference; lastKnownFileType = sourcecode.c.h; path = cpu_capabilities.h; sourceTree = "<group>"; };
		BC0120CD25C2CCF800D8B14B /* CrashReporterClient.h */ = {isa = PBXFileReference; lastKnownFileType = sourcecode.c.h; path = CrashReporterClient.h; sourceTree = "<group>"; };
		BC0120D125C2CF9F00D8B14B /* cpu_capabilities.h */ = {isa = PBXFileReference; lastKnownFileType = sourcecode.c.h; path = cpu_capabilities.h; sourceTree = "<group>"; };
		BC0120D625C2CFC100D8B14B /* cpu_capabilities.h */ = {isa = PBXFileReference; lastKnownFileType = sourcecode.c.h; path = cpu_capabilities.h; sourceTree = "<group>"; };
		BC0120E725C2D66800D8B14B /* libmalloc_demo */ = {isa = PBXFileReference; explicitFileType = "compiled.mach-o.executable"; includeInIndex = 0; path = libmalloc_demo; sourceTree = BUILT_PRODUCTS_DIR; };
		BC0120E925C2D66800D8B14B /* main.c */ = {isa = PBXFileReference; lastKnownFileType = sourcecode.c.c; path = main.c; sourceTree = "<group>"; };
		E47677CF17A899C9007D4A00 /* malloc_internal.h */ = {isa = PBXFileReference; lastKnownFileType = sourcecode.c.h; path = malloc_internal.h; sourceTree = "<group>"; };
/* End PBXFileReference section */

/* Begin PBXFrameworksBuildPhase section */
		3FE91FE516A90AEC00D1238A /* Frameworks */ = {
			isa = PBXFrameworksBuildPhase;
			buildActionMask = 2147483647;
			files = (
			);
			runOnlyForDeploymentPostprocessing = 0;
		};
		BC0120E425C2D66800D8B14B /* Frameworks */ = {
			isa = PBXFrameworksBuildPhase;
			buildActionMask = 2147483647;
			files = (
			);
			runOnlyForDeploymentPostprocessing = 0;
		};
/* End PBXFrameworksBuildPhase section */

/* Begin PBXGroup section */
		3FE91FCC16A90A8D00D1238A /* src */ = {
			isa = PBXGroup;
			children = (
				3FE91FD116A90A8D00D1238A /* bitarray.c */,
				3FE91FD216A90A8D00D1238A /* bitarray.h */,
				E47677CF17A899C9007D4A00 /* malloc_internal.h */,
				3FE91FD616A90A8D00D1238A /* magazine_malloc.c */,
				3FE91FD716A90A8D00D1238A /* magmallocProvider.d */,
				3FE91FD816A90A8D00D1238A /* malloc.c */,
				3FE91FD916A90A8D00D1238A /* malloc_printf.h */,
				3FE91FDA16A90A8D00D1238A /* nano_malloc.c */,
				3FE91FFB16A90E6C00D1238A /* scalable_malloc.h */,
				3FE91FDB16A90A8D00D1238A /* stack_logging.c */,
				3F5732E016A9478E00EC61B4 /* stack_logging.h */,
				3FE91FDC16A90A8D00D1238A /* stack_logging_disk.c */,
			);
			path = src;
			sourceTree = "<group>";
		};
		3FE91FE916A90AEC00D1238A /* Products */ = {
			isa = PBXGroup;
			children = (
				3FE91FE816A90AEC00D1238A /* libsystem_malloc.dylib */,
				BC0120E725C2D66800D8B14B /* libmalloc_demo */,
			);
			name = Products;
			sourceTree = "<group>";
		};
		3FE91FF716A90BEF00D1238A /* include */ = {
			isa = PBXGroup;
			children = (
				BC0120DB25C2D02500D8B14B /* System */,
				BC0120C825C2CC0400D8B14B /* machine */,
				BC0120BB25C2C0B100D8B14B /* mach-o */,
				BC0120B325C2BEFE00D8B14B /* os */,
				3FE91FF816A90BEF00D1238A /* malloc */,
				BC0120B825C2BFB200D8B14B /* _simple.h */,
				BC0120CD25C2CCF800D8B14B /* CrashReporterClient.h */,
			);
			path = include;
			sourceTree = "<group>";
		};
		3FE91FF816A90BEF00D1238A /* malloc */ = {
			isa = PBXGroup;
			children = (
				3FE91FF916A90BEF00D1238A /* malloc.h */,
			);
			path = malloc;
			sourceTree = "<group>";
		};
		3FFC1BE416A908F800027192 = {
			isa = PBXGroup;
			children = (
				3FE91FF716A90BEF00D1238A /* include */,
				3FE91FCC16A90A8D00D1238A /* src */,
				BC0120E825C2D66800D8B14B /* libmalloc_demo */,
				3FE91FE916A90AEC00D1238A /* Products */,
			);
			sourceTree = "<group>";
			tabWidth = 8;
			usesTabs = 1;
		};
		BC0120B325C2BEFE00D8B14B /* os */ = {
			isa = PBXGroup;
			children = (
				BC0120B425C2BF1300D8B14B /* lock_private.h */,
				BC0120C025C2C11800D8B14B /* tsd.h */,
				BC0120C525C2CB9900D8B14B /* base_private.h */,
			);
			path = os;
			sourceTree = "<group>";
		};
		BC0120BB25C2C0B100D8B14B /* mach-o */ = {
			isa = PBXGroup;
			children = (
				BC0120BC25C2C0C100D8B14B /* dyld_priv.h */,
			);
			path = "mach-o";
			sourceTree = "<group>";
		};
		BC0120C825C2CC0400D8B14B /* machine */ = {
			isa = PBXGroup;
			children = (
				BC0120C925C2CC1700D8B14B /* cpu_capabilities.h */,
			);
			path = machine;
			sourceTree = "<group>";
		};
		BC0120D025C2CF8B00D8B14B /* i386 */ = {
			isa = PBXGroup;
			children = (
				BC0120D125C2CF9F00D8B14B /* cpu_capabilities.h */,
			);
			path = i386;
			sourceTree = "<group>";
		};
		BC0120D525C2CFB400D8B14B /* arm */ = {
			isa = PBXGroup;
			children = (
				BC0120D625C2CFC100D8B14B /* cpu_capabilities.h */,
			);
			path = arm;
			sourceTree = "<group>";
		};
		BC0120DB25C2D02500D8B14B /* System */ = {
			isa = PBXGroup;
			children = (
				BC0120D025C2CF8B00D8B14B /* i386 */,
				BC0120D525C2CFB400D8B14B /* arm */,
			);
			path = System;
			sourceTree = "<group>";
		};
		BC0120E825C2D66800D8B14B /* libmalloc_demo */ = {
			isa = PBXGroup;
			children = (
				BC0120E925C2D66800D8B14B /* main.c */,
			);
			path = libmalloc_demo;
			sourceTree = "<group>";
		};
/* End PBXGroup section */

/* Begin PBXHeadersBuildPhase section */
		3FE91FE616A90AEC00D1238A /* Headers */ = {
			isa = PBXHeadersBuildPhase;
			buildActionMask = 2147483647;
			files = (
				BC0120D225C2CF9F00D8B14B /* cpu_capabilities.h in Headers */,
				BC0120C125C2C11800D8B14B /* tsd.h in Headers */,
				3FE91FFA16A90BEF00D1238A /* malloc.h in Headers */,
				BC0120D725C2CFC100D8B14B /* cpu_capabilities.h in Headers */,
				BC0120CE25C2CCF800D8B14B /* CrashReporterClient.h in Headers */,
				3F5732E116A9478E00EC61B4 /* stack_logging.h in Headers */,
				BC0120C625C2CB9900D8B14B /* base_private.h in Headers */,
				BC0120B925C2BFB200D8B14B /* _simple.h in Headers */,
				3FE91FEE16A90B9200D1238A /* bitarray.h in Headers */,
				BC0120CA25C2CC1700D8B14B /* cpu_capabilities.h in Headers */,
				BC0120B525C2BF1300D8B14B /* lock_private.h in Headers */,
				3FE91FF316A90B9200D1238A /* malloc_printf.h in Headers */,
				BC0120BD25C2C0C100D8B14B /* dyld_priv.h in Headers */,
				3FE91FFC16A90E6C00D1238A /* scalable_malloc.h in Headers */,
			);
			runOnlyForDeploymentPostprocessing = 0;
		};
/* End PBXHeadersBuildPhase section */

/* Begin PBXNativeTarget section */
		3FE91FE716A90AEC00D1238A /* libsystem_malloc */ = {
			isa = PBXNativeTarget;
			buildConfigurationList = 3FE91FEA16A90AEC00D1238A /* Build configuration list for PBXNativeTarget "libsystem_malloc" */;
			buildPhases = (
				3FE91FE416A90AEC00D1238A /* Sources */,
				3FE91FE516A90AEC00D1238A /* Frameworks */,
				3FE91FE616A90AEC00D1238A /* Headers */,
			);
			buildRules = (
			);
			dependencies = (
			);
			name = libsystem_malloc;
			productName = libmalloc;
			productReference = 3FE91FE816A90AEC00D1238A /* libsystem_malloc.dylib */;
			productType = "com.apple.product-type.library.dynamic";
		};
		BC0120E625C2D66800D8B14B /* libmalloc_demo */ = {
			isa = PBXNativeTarget;
			buildConfigurationList = BC0120EB25C2D66800D8B14B /* Build configuration list for PBXNativeTarget "libmalloc_demo" */;
			buildPhases = (
				BC0120E325C2D66800D8B14B /* Sources */,
				BC0120E425C2D66800D8B14B /* Frameworks */,
				BC0120E525C2D66800D8B14B /* CopyFiles */,
			);
			buildRules = (
			);
			dependencies = (
				BC0120F125C2D73900D8B14B /* PBXTargetDependency */,
			);
			name = libmalloc_demo;
			productName = libmalloc_demo;
			productReference = BC0120E725C2D66800D8B14B /* libmalloc_demo */;
			productType = "com.apple.product-type.tool";
		};
/* End PBXNativeTarget section */

/* Begin PBXProject section */
		3FFC1BE516A908F800027192 /* Project object */ = {
			isa = PBXProject;
			attributes = {
				LastUpgradeCheck = 0500;
				TargetAttributes = {
					BC0120E625C2D66800D8B14B = {
						CreatedOnToolsVersion = 12.3;
						DevelopmentTeam = H96PB6894F;
						ProvisioningStyle = Automatic;
					};
				};
			};
			buildConfigurationList = 3FFC1BE816A908F800027192 /* Build configuration list for PBXProject "libmalloc" */;
			compatibilityVersion = "Xcode 3.2";
			developmentRegion = English;
			hasScannedForEncodings = 0;
			knownRegions = (
				English,
				en,
			);
			mainGroup = 3FFC1BE416A908F800027192;
			productRefGroup = 3FE91FE916A90AEC00D1238A /* Products */;
			projectDirPath = "";
			projectRoot = "";
			targets = (
				3FE91FE716A90AEC00D1238A /* libsystem_malloc */,
				BC0120E625C2D66800D8B14B /* libmalloc_demo */,
			);
		};
/* End PBXProject section */

/* Begin PBXSourcesBuildPhase section */
		3FE91FE416A90AEC00D1238A /* Sources */ = {
			isa = PBXSourcesBuildPhase;
			buildActionMask = 2147483647;
			files = (
				3FE91FED16A90B9200D1238A /* bitarray.c in Sources */,
				3FE91FF016A90B9200D1238A /* magazine_malloc.c in Sources */,
				3FE91FF116A90B9200D1238A /* magmallocProvider.d in Sources */,
				3FE91FF216A90B9200D1238A /* malloc.c in Sources */,
				3FE91FF416A90B9200D1238A /* nano_malloc.c in Sources */,
				3FE91FF516A90B9200D1238A /* stack_logging.c in Sources */,
				3FE91FF616A90B9200D1238A /* stack_logging_disk.c in Sources */,
			);
			runOnlyForDeploymentPostprocessing = 0;
		};
		BC0120E325C2D66800D8B14B /* Sources */ = {
			isa = PBXSourcesBuildPhase;
			buildActionMask = 2147483647;
			files = (
				BC0120EA25C2D66800D8B14B /* main.c in Sources */,
			);
			runOnlyForDeploymentPostprocessing = 0;
		};
/* End PBXSourcesBuildPhase section */

/* Begin PBXTargetDependency section */
		BC0120F125C2D73900D8B14B /* PBXTargetDependency */ = {
			isa = PBXTargetDependency;
			target = 3FE91FE716A90AEC00D1238A /* libsystem_malloc */;
			targetProxy = BC0120F025C2D73900D8B14B /* PBXContainerItemProxy */;
		};
/* End PBXTargetDependency section */

/* Begin XCBuildConfiguration section */
		3FE91FEB16A90AEC00D1238A /* Debug */ = {
			isa = XCBuildConfiguration;
			buildSettings = {
				ALWAYS_SEARCH_USER_PATHS = NO;
				COMBINE_HIDPI_IMAGES = YES;
				GCC_OPTIMIZATION_LEVEL = 0;
				HEADER_SEARCH_PATHS = "$(SRCROOT)/include";
				ONLY_ACTIVE_ARCH = YES;
				PRODUCT_NAME = libsystem_malloc;
				SDKROOT = macosx;
				SUPPORTED_PLATFORMS = "macosx iphoneos iphonesimulator";
			};
			name = Debug;
		};
		3FE91FEC16A90AEC00D1238A /* Release */ = {
			isa = XCBuildConfiguration;
			buildSettings = {
				ALWAYS_SEARCH_USER_PATHS = NO;
				COMBINE_HIDPI_IMAGES = YES;
				GCC_OPTIMIZATION_LEVEL = s;
				HEADER_SEARCH_PATHS = "$(SRCROOT)/include";
				ONLY_ACTIVE_ARCH = YES;
				PRODUCT_NAME = libsystem_malloc;
				SDKROOT = macosx;
				SUPPORTED_PLATFORMS = "macosx iphoneos iphonesimulator";
			};
			name = Release;
		};
		3FFC1BE916A908F800027192 /* Debug */ = {
			isa = XCBuildConfiguration;
			buildSettings = {
			};
			name = Debug;
		};
		3FFC1BEA16A908F800027192 /* Release */ = {
			isa = XCBuildConfiguration;
			buildSettings = {
			};
			name = Release;
		};
		BC0120EC25C2D66800D8B14B /* Debug */ = {
			isa = XCBuildConfiguration;
			buildSettings = {
				ALWAYS_SEARCH_USER_PATHS = NO;
				CLANG_ANALYZER_NONNULL = YES;
				CLANG_ANALYZER_NUMBER_OBJECT_CONVERSION = YES_AGGRESSIVE;
				CLANG_CXX_LANGUAGE_STANDARD = "gnu++14";
				CLANG_CXX_LIBRARY = "libc++";
				CLANG_ENABLE_MODULES = YES;
				CLANG_ENABLE_OBJC_ARC = YES;
				CLANG_ENABLE_OBJC_WEAK = YES;
				CLANG_WARN_BLOCK_CAPTURE_AUTORELEASING = YES;
				CLANG_WARN_BOOL_CONVERSION = YES;
				CLANG_WARN_COMMA = YES;
				CLANG_WARN_CONSTANT_CONVERSION = YES;
				CLANG_WARN_DEPRECATED_OBJC_IMPLEMENTATIONS = YES;
				CLANG_WARN_DIRECT_OBJC_ISA_USAGE = YES_ERROR;
				CLANG_WARN_DOCUMENTATION_COMMENTS = YES;
				CLANG_WARN_EMPTY_BODY = YES;
				CLANG_WARN_ENUM_CONVERSION = YES;
				CLANG_WARN_INFINITE_RECURSION = YES;
				CLANG_WARN_INT_CONVERSION = YES;
				CLANG_WARN_NON_LITERAL_NULL_CONVERSION = YES;
				CLANG_WARN_OBJC_IMPLICIT_RETAIN_SELF = YES;
				CLANG_WARN_OBJC_LITERAL_CONVERSION = YES;
				CLANG_WARN_OBJC_ROOT_CLASS = YES_ERROR;
				CLANG_WARN_QUOTED_INCLUDE_IN_FRAMEWORK_HEADER = YES;
				CLANG_WARN_RANGE_LOOP_ANALYSIS = YES;
				CLANG_WARN_STRICT_PROTOTYPES = YES;
				CLANG_WARN_SUSPICIOUS_MOVE = YES;
				CLANG_WARN_UNGUARDED_AVAILABILITY = YES_AGGRESSIVE;
				CLANG_WARN_UNREACHABLE_CODE = YES;
				CLANG_WARN__DUPLICATE_METHOD_MATCH = YES;
				CODE_SIGN_STYLE = Automatic;
				COPY_PHASE_STRIP = NO;
				DEBUG_INFORMATION_FORMAT = dwarf;
				DEVELOPMENT_TEAM = H96PB6894F;
				ENABLE_HARDENED_RUNTIME = YES;
				ENABLE_STRICT_OBJC_MSGSEND = YES;
				ENABLE_TESTABILITY = YES;
				GCC_C_LANGUAGE_STANDARD = gnu11;
				GCC_DYNAMIC_NO_PIC = NO;
				GCC_NO_COMMON_BLOCKS = YES;
				GCC_OPTIMIZATION_LEVEL = 0;
				GCC_PREPROCESSOR_DEFINITIONS = (
					"DEBUG=1",
					"$(inherited)",
				);
				GCC_WARN_64_TO_32_BIT_CONVERSION = YES;
				GCC_WARN_ABOUT_RETURN_TYPE = YES_ERROR;
				GCC_WARN_UNDECLARED_SELECTOR = YES;
				GCC_WARN_UNINITIALIZED_AUTOS = YES_AGGRESSIVE;
				GCC_WARN_UNUSED_FUNCTION = YES;
				GCC_WARN_UNUSED_VARIABLE = YES;
				MACOSX_DEPLOYMENT_TARGET = 11.1;
				MTL_ENABLE_DEBUG_INFO = INCLUDE_SOURCE;
				MTL_FAST_MATH = YES;
				ONLY_ACTIVE_ARCH = YES;
				PRODUCT_NAME = "$(TARGET_NAME)";
				SDKROOT = macosx;
			};
			name = Debug;
		};
		BC0120ED25C2D66800D8B14B /* Release */ = {
			isa = XCBuildConfiguration;
			buildSettings = {
				ALWAYS_SEARCH_USER_PATHS = NO;
				CLANG_ANALYZER_NONNULL = YES;
				CLANG_ANALYZER_NUMBER_OBJECT_CONVERSION = YES_AGGRESSIVE;
				CLANG_CXX_LANGUAGE_STANDARD = "gnu++14";
				CLANG_CXX_LIBRARY = "libc++";
				CLANG_ENABLE_MODULES = YES;
				CLANG_ENABLE_OBJC_ARC = YES;
				CLANG_ENABLE_OBJC_WEAK = YES;
				CLANG_WARN_BLOCK_CAPTURE_AUTORELEASING = YES;
				CLANG_WARN_BOOL_CONVERSION = YES;
				CLANG_WARN_COMMA = YES;
				CLANG_WARN_CONSTANT_CONVERSION = YES;
				CLANG_WARN_DEPRECATED_OBJC_IMPLEMENTATIONS = YES;
				CLANG_WARN_DIRECT_OBJC_ISA_USAGE = YES_ERROR;
				CLANG_WARN_DOCUMENTATION_COMMENTS = YES;
				CLANG_WARN_EMPTY_BODY = YES;
				CLANG_WARN_ENUM_CONVERSION = YES;
				CLANG_WARN_INFINITE_RECURSION = YES;
				CLANG_WARN_INT_CONVERSION = YES;
				CLANG_WARN_NON_LITERAL_NULL_CONVERSION = YES;
				CLANG_WARN_OBJC_IMPLICIT_RETAIN_SELF = YES;
				CLANG_WARN_OBJC_LITERAL_CONVERSION = YES;
				CLANG_WARN_OBJC_ROOT_CLASS = YES_ERROR;
				CLANG_WARN_QUOTED_INCLUDE_IN_FRAMEWORK_HEADER = YES;
				CLANG_WARN_RANGE_LOOP_ANALYSIS = YES;
				CLANG_WARN_STRICT_PROTOTYPES = YES;
				CLANG_WARN_SUSPICIOUS_MOVE = YES;
				CLANG_WARN_UNGUARDED_AVAILABILITY = YES_AGGRESSIVE;
				CLANG_WARN_UNREACHABLE_CODE = YES;
				CLANG_WARN__DUPLICATE_METHOD_MATCH = YES;
				CODE_SIGN_STYLE = Automatic;
				COPY_PHASE_STRIP = NO;
				DEBUG_INFORMATION_FORMAT = "dwarf-with-dsym";
				DEVELOPMENT_TEAM = H96PB6894F;
				ENABLE_HARDENED_RUNTIME = YES;
				ENABLE_NS_ASSERTIONS = NO;
				ENABLE_STRICT_OBJC_MSGSEND = YES;
				GCC_C_LANGUAGE_STANDARD = gnu11;
				GCC_NO_COMMON_BLOCKS = YES;
				GCC_WARN_64_TO_32_BIT_CONVERSION = YES;
				GCC_WARN_ABOUT_RETURN_TYPE = YES_ERROR;
				GCC_WARN_UNDECLARED_SELECTOR = YES;
				GCC_WARN_UNINITIALIZED_AUTOS = YES_AGGRESSIVE;
				GCC_WARN_UNUSED_FUNCTION = YES;
				GCC_WARN_UNUSED_VARIABLE = YES;
				MACOSX_DEPLOYMENT_TARGET = 11.1;
				MTL_ENABLE_DEBUG_INFO = NO;
				MTL_FAST_MATH = YES;
				PRODUCT_NAME = "$(TARGET_NAME)";
				SDKROOT = macosx;
			};
			name = Release;
		};
/* End XCBuildConfiguration section */

/* Begin XCConfigurationList section */
		3FE91FEA16A90AEC00D1238A /* Build configuration list for PBXNativeTarget "libsystem_malloc" */ = {
			isa = XCConfigurationList;
			buildConfigurations = (
				3FE91FEB16A90AEC00D1238A /* Debug */,
				3FE91FEC16A90AEC00D1238A /* Release */,
			);
			defaultConfigurationIsVisible = 0;
			defaultConfigurationName = Release;
		};
		3FFC1BE816A908F800027192 /* Build configuration list for PBXProject "libmalloc" */ = {
			isa = XCConfigurationList;
			buildConfigurations = (
				3FFC1BE916A908F800027192 /* Debug */,
				3FFC1BEA16A908F800027192 /* Release */,
			);
			defaultConfigurationIsVisible = 0;
			defaultConfigurationName = Release;
		};
		BC0120EB25C2D66800D8B14B /* Build configuration list for PBXNativeTarget "libmalloc_demo" */ = {
			isa = XCConfigurationList;
			buildConfigurations = (
				BC0120EC25C2D66800D8B14B /* Debug */,
				BC0120ED25C2D66800D8B14B /* Release */,
			);
			defaultConfigurationIsVisible = 0;
			defaultConfigurationName = Release;
		};
/* End XCConfigurationList section */
	};
	rootObject = 3FFC1BE516A908F800027192 /* Project object */;
}
